// !$*UTF8*$!
{
	archiveVersion = 1;
	classes = {
	};
	objectVersion = 46;
	objects = {

/* Begin PBXBuildFile section */
		45239B7D1C3561E2008F9B3E /* RatingControl.swift in Sources */ = {isa = PBXBuildFile; fileRef = 45239B7C1C3561E2008F9B3E /* RatingControl.swift */; };
		452A25381C343930000B0A38 /* AppDelegate.swift in Sources */ = {isa = PBXBuildFile; fileRef = 452A25371C343930000B0A38 /* AppDelegate.swift */; };
		452A253A1C343930000B0A38 /* MealViewController.swift in Sources */ = {isa = PBXBuildFile; fileRef = 452A25391C343930000B0A38 /* MealViewController.swift */; };
		452A253D1C343930000B0A38 /* Main.storyboard in Resources */ = {isa = PBXBuildFile; fileRef = 452A253B1C343930000B0A38 /* Main.storyboard */; };
		452A253F1C343930000B0A38 /* Assets.xcassets in Resources */ = {isa = PBXBuildFile; fileRef = 452A253E1C343930000B0A38 /* Assets.xcassets */; };
		452A25421C343930000B0A38 /* LaunchScreen.storyboard in Resources */ = {isa = PBXBuildFile; fileRef = 452A25401C343930000B0A38 /* LaunchScreen.storyboard */; };
		452A254D1C343930000B0A38 /* FoodTrackerTests.swift in Sources */ = {isa = PBXBuildFile; fileRef = 452A254C1C343930000B0A38 /* FoodTrackerTests.swift */; };
		453D03951C359F55000898BC /* MealTableViewController.swift in Sources */ = {isa = PBXBuildFile; fileRef = 453D03941C359F55000898BC /* MealTableViewController.swift */; };
		45A14B5F1C35910200B2F520 /* Meal.swift in Sources */ = {isa = PBXBuildFile; fileRef = 45A14B5E1C35910200B2F520 /* Meal.swift */; };
		45CDFDA91C3595D20046084F /* MealTableViewCell.swift in Sources */ = {isa = PBXBuildFile; fileRef = 45CDFDA81C3595D20046084F /* MealTableViewCell.swift */; };
/* End PBXBuildFile section */

/* Begin PBXContainerItemProxy section */
		452A25491C343930000B0A38 /* PBXContainerItemProxy */ = {
			isa = PBXContainerItemProxy;
			containerPortal = 452A252C1C343930000B0A38 /* Project object */;
			proxyType = 1;
			remoteGlobalIDString = 452A25331C343930000B0A38;
			remoteInfo = FoodTracker;
		};
/* End PBXContainerItemProxy section */

/* Begin PBXFileReference section */
		45239B7C1C3561E2008F9B3E /* RatingControl.swift */ = {isa = PBXFileReference; fileEncoding = 4; lastKnownFileType = sourcecode.swift; path = RatingControl.swift; sourceTree = "<group>"; };
		452A25341C343930000B0A38 /* FoodTracker.app */ = {isa = PBXFileReference; explicitFileType = wrapper.application; includeInIndex = 0; path = FoodTracker.app; sourceTree = BUILT_PRODUCTS_DIR; };
		452A25371C343930000B0A38 /* AppDelegate.swift */ = {isa = PBXFileReference; lastKnownFileType = sourcecode.swift; path = AppDelegate.swift; sourceTree = "<group>"; };
		452A25391C343930000B0A38 /* MealViewController.swift */ = {isa = PBXFileReference; lastKnownFileType = sourcecode.swift; path = MealViewController.swift; sourceTree = "<group>"; };
		452A253C1C343930000B0A38 /* Base */ = {isa = PBXFileReference; lastKnownFileType = file.storyboard; name = Base; path = Base.lproj/Main.storyboard; sourceTree = "<group>"; };
		452A253E1C343930000B0A38 /* Assets.xcassets */ = {isa = PBXFileReference; lastKnownFileType = folder.assetcatalog; path = Assets.xcassets; sourceTree = "<group>"; };
		452A25411C343930000B0A38 /* Base */ = {isa = PBXFileReference; lastKnownFileType = file.storyboard; name = Base; path = Base.lproj/LaunchScreen.storyboard; sourceTree = "<group>"; };
		452A25431C343930000B0A38 /* Info.plist */ = {isa = PBXFileReference; lastKnownFileType = text.plist.xml; path = Info.plist; sourceTree = "<group>"; };
		452A25481C343930000B0A38 /* FoodTrackerTests.xctest */ = {isa = PBXFileReference; explicitFileType = wrapper.cfbundle; includeInIndex = 0; path = FoodTrackerTests.xctest; sourceTree = BUILT_PRODUCTS_DIR; };
		452A254C1C343930000B0A38 /* FoodTrackerTests.swift */ = {isa = PBXFileReference; lastKnownFileType = sourcecode.swift; path = FoodTrackerTests.swift; sourceTree = "<group>"; };
		452A254E1C343930000B0A38 /* Info.plist */ = {isa = PBXFileReference; lastKnownFileType = text.plist.xml; path = Info.plist; sourceTree = "<group>"; };
		453D03941C359F55000898BC /* MealTableViewController.swift */ = {isa = PBXFileReference; fileEncoding = 4; lastKnownFileType = sourcecode.swift; path = MealTableViewController.swift; sourceTree = "<group>"; };
		45A14B5E1C35910200B2F520 /* Meal.swift */ = {isa = PBXFileReference; fileEncoding = 4; lastKnownFileType = sourcecode.swift; path = Meal.swift; sourceTree = "<group>"; };
		45CDFDA81C3595D20046084F /* MealTableViewCell.swift */ = {isa = PBXFileReference; fileEncoding = 4; lastKnownFileType = sourcecode.swift; path = MealTableViewCell.swift; sourceTree = "<group>"; };
/* End PBXFileReference section */

/* Begin PBXFrameworksBuildPhase section */
		452A25311C343930000B0A38 /* Frameworks */ = {
			isa = PBXFrameworksBuildPhase;
			buildActionMask = 2147483647;
			files = (
			);
			runOnlyForDeploymentPostprocessing = 0;
		};
		452A25451C343930000B0A38 /* Frameworks */ = {
			isa = PBXFrameworksBuildPhase;
			buildActionMask = 2147483647;
			files = (
			);
			runOnlyForDeploymentPostprocessing = 0;
		};
/* End PBXFrameworksBuildPhase section */

/* Begin PBXGroup section */
		452A252B1C343930000B0A38 = {
			isa = PBXGroup;
			children = (
				452A25361C343930000B0A38 /* FoodTracker */,
				452A254B1C343930000B0A38 /* FoodTrackerTests */,
				452A25351C343930000B0A38 /* Products */,
			);
			sourceTree = "<group>";
		};
		452A25351C343930000B0A38 /* Products */ = {
			isa = PBXGroup;
			children = (
				452A25341C343930000B0A38 /* FoodTracker.app */,
				452A25481C343930000B0A38 /* FoodTrackerTests.xctest */,
			);
			name = Products;
			sourceTree = "<group>";
		};
		452A25361C343930000B0A38 /* FoodTracker */ = {
			isa = PBXGroup;
			children = (
				452A25371C343930000B0A38 /* AppDelegate.swift */,
				452A25391C343930000B0A38 /* MealViewController.swift */,
				45A14B5E1C35910200B2F520 /* Meal.swift */,
				452A253B1C343930000B0A38 /* Main.storyboard */,
				453D03941C359F55000898BC /* MealTableViewController.swift */,
				45CDFDA81C3595D20046084F /* MealTableViewCell.swift */,
				45239B7C1C3561E2008F9B3E /* RatingControl.swift */,
				452A253E1C343930000B0A38 /* Assets.xcassets */,
				452A25401C343930000B0A38 /* LaunchScreen.storyboard */,
				452A25431C343930000B0A38 /* Info.plist */,
			);
			path = FoodTracker;
			sourceTree = "<group>";
		};
		452A254B1C343930000B0A38 /* FoodTrackerTests */ = {
			isa = PBXGroup;
			children = (
				452A254C1C343930000B0A38 /* FoodTrackerTests.swift */,
				452A254E1C343930000B0A38 /* Info.plist */,
			);
			path = FoodTrackerTests;
			sourceTree = "<group>";
		};
/* End PBXGroup section */

/* Begin PBXNativeTarget section */
		452A25331C343930000B0A38 /* FoodTracker */ = {
			isa = PBXNativeTarget;
			buildConfigurationList = 452A25511C343930000B0A38 /* Build configuration list for PBXNativeTarget "FoodTracker" */;
			buildPhases = (
				452A25301C343930000B0A38 /* Sources */,
				452A25311C343930000B0A38 /* Frameworks */,
				452A25321C343930000B0A38 /* Resources */,
			);
			buildRules = (
			);
			dependencies = (
			);
			name = FoodTracker;
			productName = FoodTracker;
			productReference = 452A25341C343930000B0A38 /* FoodTracker.app */;
			productType = "com.apple.product-type.application";
		};
		452A25471C343930000B0A38 /* FoodTrackerTests */ = {
			isa = PBXNativeTarget;
			buildConfigurationList = 452A25541C343930000B0A38 /* Build configuration list for PBXNativeTarget "FoodTrackerTests" */;
			buildPhases = (
				452A25441C343930000B0A38 /* Sources */,
				452A25451C343930000B0A38 /* Frameworks */,
				452A25461C343930000B0A38 /* Resources */,
			);
			buildRules = (
			);
			dependencies = (
				452A254A1C343930000B0A38 /* PBXTargetDependency */,
			);
			name = FoodTrackerTests;
			productName = FoodTrackerTests;
			productReference = 452A25481C343930000B0A38 /* FoodTrackerTests.xctest */;
			productType = "com.apple.product-type.bundle.unit-test";
		};
/* End PBXNativeTarget section */

/* Begin PBXProject section */
		452A252C1C343930000B0A38 /* Project object */ = {
			isa = PBXProject;
			attributes = {
				LastSwiftUpdateCheck = 0720;
				LastUpgradeCheck = 0720;
				ORGANIZATIONNAME = "Dang Duong Hung";
				TargetAttributes = {
					452A25331C343930000B0A38 = {
						CreatedOnToolsVersion = 7.2;
						DevelopmentTeam = EJ4KJWT3MT;
					};
					452A25471C343930000B0A38 = {
						CreatedOnToolsVersion = 7.2;
						DevelopmentTeam = EJ4KJWT3MT;
						TestTargetID = 452A25331C343930000B0A38;
					};
				};
			};
			buildConfigurationList = 452A252F1C343930000B0A38 /* Build configuration list for PBXProject "FoodTracker" */;
			compatibilityVersion = "Xcode 3.2";
			developmentRegion = English;
			hasScannedForEncodings = 0;
			knownRegions = (
				en,
				Base,
			);
			mainGroup = 452A252B1C343930000B0A38;
			productRefGroup = 452A25351C343930000B0A38 /* Products */;
			projectDirPath = "";
			projectRoot = "";
			targets = (
				452A25331C343930000B0A38 /* FoodTracker */,
				452A25471C343930000B0A38 /* FoodTrackerTests */,
			);
		};
/* End PBXProject section */

/* Begin PBXResourcesBuildPhase section */
		452A25321C343930000B0A38 /* Resources */ = {
			isa = PBXResourcesBuildPhase;
			buildActionMask = 2147483647;
			files = (
				452A25421C343930000B0A38 /* LaunchScreen.storyboard in Resources */,
				452A253F1C343930000B0A38 /* Assets.xcassets in Resources */,
				452A253D1C343930000B0A38 /* Main.storyboard in Resources */,
			);
			runOnlyForDeploymentPostprocessing = 0;
		};
		452A25461C343930000B0A38 /* Resources */ = {
			isa = PBXResourcesBuildPhase;
			buildActionMask = 2147483647;
			files = (
			);
			runOnlyForDeploymentPostprocessing = 0;
		};
/* End PBXResourcesBuildPhase section */

/* Begin PBXSourcesBuildPhase section */
		452A25301C343930000B0A38 /* Sources */ = {
			isa = PBXSourcesBuildPhase;
			buildActionMask = 2147483647;
			files = (
				45A14B5F1C35910200B2F520 /* Meal.swift in Sources */,
				452A253A1C343930000B0A38 /* MealViewController.swift in Sources */,
				45239B7D1C3561E2008F9B3E /* RatingControl.swift in Sources */,
				452A25381C343930000B0A38 /* AppDelegate.swift in Sources */,
				453D03951C359F55000898BC /* MealTableViewController.swift in Sources */,
				45CDFDA91C3595D20046084F /* MealTableViewCell.swift in Sources */,
			);
			runOnlyForDeploymentPostprocessing = 0;
		};
		452A25441C343930000B0A38 /* Sources */ = {
			isa = PBXSourcesBuildPhase;
			buildActionMask = 2147483647;
			files = (
				452A254D1C343930000B0A38 /* FoodTrackerTests.swift in Sources */,
			);
			runOnlyForDeploymentPostprocessing = 0;
		};
/* End PBXSourcesBuildPhase section */

/* Begin PBXTargetDependency section */
		452A254A1C343930000B0A38 /* PBXTargetDependency */ = {
			isa = PBXTargetDependency;
			target = 452A25331C343930000B0A38 /* FoodTracker */;
			targetProxy = 452A25491C343930000B0A38 /* PBXContainerItemProxy */;
		};
/* End PBXTargetDependency section */

/* Begin PBXVariantGroup section */
		452A253B1C343930000B0A38 /* Main.storyboard */ = {
			isa = PBXVariantGroup;
			children = (
				452A253C1C343930000B0A38 /* Base */,
			);
			name = Main.storyboard;
			sourceTree = "<group>";
		};
		452A25401C343930000B0A38 /* LaunchScreen.storyboard */ = {
			isa = PBXVariantGroup;
			children = (
				452A25411C343930000B0A38 /* Base */,
			);
			name = LaunchScreen.storyboard;
			sourceTree = "<group>";
		};
/* End PBXVariantGroup section */

/* Begin XCBuildConfiguration section */
		452A254F1C343930000B0A38 /* Debug */ = {
			isa = XCBuildConfiguration;
			buildSettings = {
				ALWAYS_SEARCH_USER_PATHS = NO;
				CLANG_CXX_LANGUAGE_STANDARD = "gnu++0x";
				CLANG_CXX_LIBRARY = "libc++";
				CLANG_ENABLE_MODULES = YES;
				CLANG_ENABLE_OBJC_ARC = YES;
				CLANG_WARN_BOOL_CONVERSION = YES;
				CLANG_WARN_CONSTANT_CONVERSION = YES;
				CLANG_WARN_DIRECT_OBJC_ISA_USAGE = YES_ERROR;
				CLANG_WARN_EMPTY_BODY = YES;
				CLANG_WARN_ENUM_CONVERSION = YES;
				CLANG_WARN_INT_CONVERSION = YES;
				CLANG_WARN_OBJC_ROOT_CLASS = YES_ERROR;
				CLANG_WARN_UNREACHABLE_CODE = YES;
				CLANG_WARN__DUPLICATE_METHOD_MATCH = YES;
				"CODE_SIGN_IDENTITY[sdk=iphoneos*]" = "iPhone Developer";
				COPY_PHASE_STRIP = NO;
				DEBUG_INFORMATION_FORMAT = dwarf;
				ENABLE_STRICT_OBJC_MSGSEND = YES;
				ENABLE_TESTABILITY = YES;
				GCC_C_LANGUAGE_STANDARD = gnu99;
				GCC_DYNAMIC_NO_PIC = NO;
				GCC_NO_COMMON_BLOCKS = YES;
				GCC_OPTIMIZATION_LEVEL = 0;
				GCC_PREPROCESSOR_DEFINITIONS = (
					"DEBUG=1",
					"$(inherited)",
				);
				GCC_WARN_64_TO_32_BIT_CONVERSION = YES;
				GCC_WARN_ABOUT_RETURN_TYPE = YES_ERROR;
				GCC_WARN_UNDECLARED_SELECTOR = YES;
				GCC_WARN_UNINITIALIZED_AUTOS = YES_AGGRESSIVE;
				GCC_WARN_UNUSED_FUNCTION = YES;
				GCC_WARN_UNUSED_VARIABLE = YES;
				IPHONEOS_DEPLOYMENT_TARGET = 9.2;
				MTL_ENABLE_DEBUG_INFO = YES;
				ONLY_ACTIVE_ARCH = YES;
				SDKROOT = iphoneos;
				SWIFT_OPTIMIZATION_LEVEL = "-Onone";
				TARGETED_DEVICE_FAMILY = "1,2";
			};
			name = Debug;
		};
		452A25501C343930000B0A38 /* Release */ = {
			isa = XCBuildConfiguration;
			buildSettings = {
				ALWAYS_SEARCH_USER_PATHS = NO;
				CLANG_CXX_LANGUAGE_STANDARD = "gnu++0x";
				CLANG_CXX_LIBRARY = "libc++";
				CLANG_ENABLE_MODULES = YES;
				CLANG_ENABLE_OBJC_ARC = YES;
				CLANG_WARN_BOOL_CONVERSION = YES;
				CLANG_WARN_CONSTANT_CONVERSION = YES;
				CLANG_WARN_DIRECT_OBJC_ISA_USAGE = YES_ERROR;
				CLANG_WARN_EMPTY_BODY = YES;
				CLANG_WARN_ENUM_CONVERSION = YES;
				CLANG_WARN_INT_CONVERSION = YES;
				CLANG_WARN_OBJC_ROOT_CLASS = YES_ERROR;
				CLANG_WARN_UNREACHABLE_CODE = YES;
				CLANG_WARN__DUPLICATE_METHOD_MATCH = YES;
				"CODE_SIGN_IDENTITY[sdk=iphoneos*]" = "iPhone Developer";
				COPY_PHASE_STRIP = NO;
				DEBUG_INFORMATION_FORMAT = "dwarf-with-dsym";
				ENABLE_NS_ASSERTIONS = NO;
				ENABLE_STRICT_OBJC_MSGSEND = YES;
				GCC_C_LANGUAGE_STANDARD = gnu99;
				GCC_NO_COMMON_BLOCKS = YES;
				GCC_WARN_64_TO_32_BIT_CONVERSION = YES;
				GCC_WARN_ABOUT_RETURN_TYPE = YES_ERROR;
				GCC_WARN_UNDECLARED_SELECTOR = YES;
				GCC_WARN_UNINITIALIZED_AUTOS = YES_AGGRESSIVE;
				GCC_WARN_UNUSED_FUNCTION = YES;
				GCC_WARN_UNUSED_VARIABLE = YES;
				IPHONEOS_DEPLOYMENT_TARGET = 9.2;
				MTL_ENABLE_DEBUG_INFO = NO;
				SDKROOT = iphoneos;
				TARGETED_DEVICE_FAMILY = "1,2";
				VALIDATE_PRODUCT = YES;
			};
			name = Release;
		};
		452A25521C343930000B0A38 /* Debug */ = {
			isa = XCBuildConfiguration;
			buildSettings = {
				ASSETCATALOG_COMPILER_APPICON_NAME = AppIcon;
				CODE_SIGN_IDENTITY = "iPhone Developer";
				"CODE_SIGN_IDENTITY[sdk=iphoneos*]" = "iPhone Developer";
				INFOPLIST_FILE = FoodTracker/Info.plist;
				LD_RUNPATH_SEARCH_PATHS = "$(inherited) @executable_path/Frameworks";
				PRODUCT_BUNDLE_IDENTIFIER = com.hungdd.FoodTracker;
				PRODUCT_NAME = "$(TARGET_NAME)";
				PROVISIONING_PROFILE = "";
			};
			name = Debug;
		};
		452A25531C343930000B0A38 /* Release */ = {
			isa = XCBuildConfiguration;
			buildSettings = {
				ASSETCATALOG_COMPILER_APPICON_NAME = AppIcon;
				CODE_SIGN_IDENTITY = "iPhone Developer";
				"CODE_SIGN_IDENTITY[sdk=iphoneos*]" = "iPhone Developer";
				INFOPLIST_FILE = FoodTracker/Info.plist;
				LD_RUNPATH_SEARCH_PATHS = "$(inherited) @executable_path/Frameworks";
				PRODUCT_BUNDLE_IDENTIFIER = com.hungdd.FoodTracker;
				PRODUCT_NAME = "$(TARGET_NAME)";
				PROVISIONING_PROFILE = "";
			};
			name = Release;
		};
		452A25551C343930000B0A38 /* Debug */ = {
			isa = XCBuildConfiguration;
			buildSettings = {
				BUNDLE_LOADER = "$(TEST_HOST)";
				INFOPLIST_FILE = FoodTrackerTests/Info.plist;
				LD_RUNPATH_SEARCH_PATHS = "$(inherited) @executable_path/Frameworks @loader_path/Frameworks";
				PRODUCT_BUNDLE_IDENTIFIER = com.hungdd.FoodTrackerTests;
				PRODUCT_NAME = "$(TARGET_NAME)";
				TEST_HOST = "$(BUILT_PRODUCTS_DIR)/FoodTracker.app/FoodTracker";
			};
			name = Debug;
		};
		452A25561C343930000B0A38 /* Release */ = {
			isa = XCBuildConfiguration;
			buildSettings = {
				BUNDLE_LOADER = "$(TEST_HOST)";
				INFOPLIST_FILE = FoodTrackerTests/Info.plist;
				LD_RUNPATH_SEARCH_PATHS = "$(inherited) @executable_path/Frameworks @loader_path/Frameworks";
				PRODUCT_BUNDLE_IDENTIFIER = com.hungdd.FoodTrackerTests;
				PRODUCT_NAME = "$(TARGET_NAME)";
				TEST_HOST = "$(BUILT_PRODUCTS_DIR)/FoodTracker.app/FoodTracker";
			};
			name = Release;
		};
/* End XCBuildConfiguration section */

/* Begin XCConfigurationList section */
		452A252F1C343930000B0A38 /* Build configuration list for PBXProject "FoodTracker" */ = {
			isa = XCConfigurationList;
			buildConfigurations = (
				452A254F1C343930000B0A38 /* Debug */,
				452A25501C343930000B0A38 /* Release */,
			);
			defaultConfigurationIsVisible = 0;
			defaultConfigurationName = Release;
		};
		452A25511C343930000B0A38 /* Build configuration list for PBXNativeTarget "FoodTracker" */ = {
			isa = XCConfigurationList;
			buildConfigurations = (
				452A25521C343930000B0A38 /* Debug */,
				452A25531C343930000B0A38 /* Release */,
			);
			defaultConfigurationIsVisible = 0;
			defaultConfigurationName = Release;
		};
		452A25541C343930000B0A38 /* Build configuration list for PBXNativeTarget "FoodTrackerTests" */ = {
			isa = XCConfigurationList;
			buildConfigurations = (
				452A25551C343930000B0A38 /* Debug */,
				452A25561C343930000B0A38 /* Release */,
			);
			defaultConfigurationIsVisible = 0;
			defaultConfigurationName = Release;
		};
/* End XCConfigurationList section */
	};
	rootObject = 452A252C1C343930000B0A38 /* Project object */;
}
